
Microsoft Visual Studio Solution File, Format Version 12.00
# Visual Studio Version 17
VisualStudioVersion = 17.6.33815.320
MinimumVisualStudioVersion = 10.0.40219.1
Project("{FAE04EC0-301F-11D3-BF4B-00C04F79EFBC}") = "assessment10", "assessment10\assessment10.csproj", "{FCB84E91-CDF9-4669-8637-4BCCF2A40C9B}"
EndProject
Global
	GlobalSection(SolutionConfigurationPlatforms) = preSolution
		Debug|Any CPU = Debug|Any CPU
		Release|Any CPU = Release|Any CPU
	EndGlobalSection
	GlobalSection(ProjectConfigurationPlatforms) = postSolution
		{FCB84E91-CDF9-4669-8637-4BCCF2A40C9B}.Debug|Any CPU.ActiveCfg = Debug|Any CPU
		{FCB84E91-CDF9-4669-8637-4BCCF2A40C9B}.Debug|Any CPU.Build.0 = Debug|Any CPU
		{FCB84E91-CDF9-4669-8637-4BCCF2A40C9B}.Release|Any CPU.ActiveCfg = Release|Any CPU
		{FCB84E91-CDF9-4669-8637-4BCCF2A40C9B}.Release|Any CPU.Build.0 = Release|Any CPU
	EndGlobalSection
	GlobalSection(SolutionProperties) = preSolution
		HideSolutionNode = FALSE
	EndGlobalSection
	GlobalSection(ExtensibilityGlobals) = postSolution
		SolutionGuid = {10AC2719-5606-41FB-B968-68AA6C14664F}
	EndGlobalSection
EndGlobal
